
Microsoft Visual Studio Solution File, Format Version 12.00
# Visual Studio Version 17
VisualStudioVersion = 17.4.33122.133
MinimumVisualStudioVersion = 10.0.40219.1
Project("{FAE04EC0-301F-11D3-BF4B-00C04F79EFBC}") = "PoliziaMunicipaleApp", "PoliziaMunicipaleApp\PoliziaMunicipaleApp.csproj", "{5317C2CA-B938-4171-AB65-1A168E6B7837}"
EndProject
Global
	GlobalSection(SolutionConfigurationPlatforms) = preSolution
		Debug|Any CPU = Debug|Any CPU
		Release|Any CPU = Release|Any CPU
	EndGlobalSection
	GlobalSection(ProjectConfigurationPlatforms) = postSolution
		{5317C2CA-B938-4171-AB65-1A168E6B7837}.Debug|Any CPU.ActiveCfg = Debug|Any CPU
		{5317C2CA-B938-4171-AB65-1A168E6B7837}.Debug|Any CPU.Build.0 = Debug|Any CPU
		{5317C2CA-B938-4171-AB65-1A168E6B7837}.Release|Any CPU.ActiveCfg = Release|Any CPU
		{5317C2CA-B938-4171-AB65-1A168E6B7837}.Release|Any CPU.Build.0 = Release|Any CPU
	EndGlobalSection
	GlobalSection(SolutionProperties) = preSolution
		HideSolutionNode = FALSE
	EndGlobalSection
	GlobalSection(ExtensibilityGlobals) = postSolution
		SolutionGuid = {222CB797-0ED8-469A-9B98-DB15FBBA09EC}
	EndGlobalSection
EndGlobal
